// !$*UTF8*$!
{
	archiveVersion = 1;
	classes = {
	};
	objectVersion = 50;
	objects = {

/* Begin PBXBuildFile section */
		72028842A773504D2DB34542 /* Pods_BlueModule.framework in Frameworks */ = {isa = PBXBuildFile; fileRef = 79637B05E9B49BEF4FEDD21D /* Pods_BlueModule.framework */; };
		F471177824F85265000A2162 /* BlueModule.framework in Frameworks */ = {isa = PBXBuildFile; fileRef = F471176E24F85260000A2162 /* BlueModule.framework */; };
		F471177D24F85265000A2162 /* BlueModuleTests.swift in Sources */ = {isa = PBXBuildFile; fileRef = F471177C24F85265000A2162 /* BlueModuleTests.swift */; };
		F471177F24F85266000A2162 /* BlueModule.h in Headers */ = {isa = PBXBuildFile; fileRef = F471177124F85260000A2162 /* BlueModule.h */; settings = {ATTRIBUTES = (Public, ); }; };
		F47117B624F85464000A2162 /* BlueController.swift in Sources */ = {isa = PBXBuildFile; fileRef = F47117B524F85464000A2162 /* BlueController.swift */; };
/* End PBXBuildFile section */

/* Begin PBXContainerItemProxy section */
		F471177924F85265000A2162 /* PBXContainerItemProxy */ = {
			isa = PBXContainerItemProxy;
			containerPortal = F471176524F8525F000A2162 /* Project object */;
			proxyType = 1;
			remoteGlobalIDString = F471176D24F85260000A2162;
			remoteInfo = BlueModule;
		};
/* End PBXContainerItemProxy section */

/* Begin PBXFileReference section */
		6AE6A97CB8CEB5741DFE9A99 /* Pods-BlueModule.debug.xcconfig */ = {isa = PBXFileReference; includeInIndex = 1; lastKnownFileType = text.xcconfig; name = "Pods-BlueModule.debug.xcconfig"; path = "Target Support Files/Pods-BlueModule/Pods-BlueModule.debug.xcconfig"; sourceTree = "<group>"; };
		79637B05E9B49BEF4FEDD21D /* Pods_BlueModule.framework */ = {isa = PBXFileReference; explicitFileType = wrapper.framework; includeInIndex = 0; path = Pods_BlueModule.framework; sourceTree = BUILT_PRODUCTS_DIR; };
		B094D086701948C2C4D07A0F /* Pods-BlueModule.release.xcconfig */ = {isa = PBXFileReference; includeInIndex = 1; lastKnownFileType = text.xcconfig; name = "Pods-BlueModule.release.xcconfig"; path = "Target Support Files/Pods-BlueModule/Pods-BlueModule.release.xcconfig"; sourceTree = "<group>"; };
		F471176E24F85260000A2162 /* BlueModule.framework */ = {isa = PBXFileReference; explicitFileType = wrapper.framework; includeInIndex = 0; path = BlueModule.framework; sourceTree = BUILT_PRODUCTS_DIR; };
		F471177124F85260000A2162 /* BlueModule.h */ = {isa = PBXFileReference; lastKnownFileType = sourcecode.c.h; path = BlueModule.h; sourceTree = "<group>"; };
		F471177224F85260000A2162 /* Info.plist */ = {isa = PBXFileReference; lastKnownFileType = text.plist.xml; path = Info.plist; sourceTree = "<group>"; };
		F471177724F85265000A2162 /* BlueModuleTests.xctest */ = {isa = PBXFileReference; explicitFileType = wrapper.cfbundle; includeInIndex = 0; path = BlueModuleTests.xctest; sourceTree = BUILT_PRODUCTS_DIR; };
		F471177C24F85265000A2162 /* BlueModuleTests.swift */ = {isa = PBXFileReference; lastKnownFileType = sourcecode.swift; path = BlueModuleTests.swift; sourceTree = "<group>"; };
		F471177E24F85266000A2162 /* Info.plist */ = {isa = PBXFileReference; lastKnownFileType = text.plist.xml; path = Info.plist; sourceTree = "<group>"; };
		F47117B524F85464000A2162 /* BlueController.swift */ = {isa = PBXFileReference; lastKnownFileType = sourcecode.swift; path = BlueController.swift; sourceTree = "<group>"; };
/* End PBXFileReference section */

/* Begin PBXFrameworksBuildPhase section */
		F471176B24F85260000A2162 /* Frameworks */ = {
			isa = PBXFrameworksBuildPhase;
			buildActionMask = 2147483647;
			files = (
				72028842A773504D2DB34542 /* Pods_BlueModule.framework in Frameworks */,
			);
			runOnlyForDeploymentPostprocessing = 0;
		};
		F471177424F85265000A2162 /* Frameworks */ = {
			isa = PBXFrameworksBuildPhase;
			buildActionMask = 2147483647;
			files = (
				F471177824F85265000A2162 /* BlueModule.framework in Frameworks */,
			);
			runOnlyForDeploymentPostprocessing = 0;
		};
/* End PBXFrameworksBuildPhase section */

/* Begin PBXGroup section */
		7531BC4FE09D6943555A5AD8 /* Pods */ = {
			isa = PBXGroup;
			children = (
				6AE6A97CB8CEB5741DFE9A99 /* Pods-BlueModule.debug.xcconfig */,
				B094D086701948C2C4D07A0F /* Pods-BlueModule.release.xcconfig */,
			);
			name = Pods;
			path = ../Pods;
			sourceTree = "<group>";
		};
		9C21C5BABC60867A95C9CC92 /* Frameworks */ = {
			isa = PBXGroup;
			children = (
				79637B05E9B49BEF4FEDD21D /* Pods_BlueModule.framework */,
			);
			name = Frameworks;
			sourceTree = "<group>";
		};
		F471176424F8525F000A2162 = {
			isa = PBXGroup;
			children = (
				F471177024F85260000A2162 /* BlueModule */,
				F471177B24F85265000A2162 /* BlueModuleTests */,
				F471176F24F85260000A2162 /* Products */,
				7531BC4FE09D6943555A5AD8 /* Pods */,
				9C21C5BABC60867A95C9CC92 /* Frameworks */,
			);
			sourceTree = "<group>";
		};
		F471176F24F85260000A2162 /* Products */ = {
			isa = PBXGroup;
			children = (
				F471176E24F85260000A2162 /* BlueModule.framework */,
				F471177724F85265000A2162 /* BlueModuleTests.xctest */,
			);
			name = Products;
			sourceTree = "<group>";
		};
		F471177024F85260000A2162 /* BlueModule */ = {
			isa = PBXGroup;
			children = (
				F471177124F85260000A2162 /* BlueModule.h */,
				F471177224F85260000A2162 /* Info.plist */,
				F47117B524F85464000A2162 /* BlueController.swift */,
			);
			path = BlueModule;
			sourceTree = "<group>";
		};
		F471177B24F85265000A2162 /* BlueModuleTests */ = {
			isa = PBXGroup;
			children = (
				F471177C24F85265000A2162 /* BlueModuleTests.swift */,
				F471177E24F85266000A2162 /* Info.plist */,
			);
			path = BlueModuleTests;
			sourceTree = "<group>";
		};
/* End PBXGroup section */

/* Begin PBXHeadersBuildPhase section */
		F471176924F85260000A2162 /* Headers */ = {
			isa = PBXHeadersBuildPhase;
			buildActionMask = 2147483647;
			files = (
				F471177F24F85266000A2162 /* BlueModule.h in Headers */,
			);
			runOnlyForDeploymentPostprocessing = 0;
		};
/* End PBXHeadersBuildPhase section */

/* Begin PBXNativeTarget section */
		F471176D24F85260000A2162 /* BlueModule */ = {
			isa = PBXNativeTarget;
			buildConfigurationList = F471178224F85266000A2162 /* Build configuration list for PBXNativeTarget "BlueModule" */;
			buildPhases = (
				9BDC98C6FA138316B2871B66 /* [CP] Check Pods Manifest.lock */,
				F471176924F85260000A2162 /* Headers */,
				F471176A24F85260000A2162 /* Sources */,
				F471176B24F85260000A2162 /* Frameworks */,
				F471176C24F85260000A2162 /* Resources */,
			);
			buildRules = (
			);
			dependencies = (
			);
			name = BlueModule;
			productName = BlueModule;
			productReference = F471176E24F85260000A2162 /* BlueModule.framework */;
			productType = "com.apple.product-type.framework";
		};
		F471177624F85265000A2162 /* BlueModuleTests */ = {
			isa = PBXNativeTarget;
			buildConfigurationList = F471178524F85266000A2162 /* Build configuration list for PBXNativeTarget "BlueModuleTests" */;
			buildPhases = (
				F471177324F85265000A2162 /* Sources */,
				F471177424F85265000A2162 /* Frameworks */,
				F471177524F85265000A2162 /* Resources */,
			);
			buildRules = (
			);
			dependencies = (
				F471177A24F85265000A2162 /* PBXTargetDependency */,
			);
			name = BlueModuleTests;
			productName = BlueModuleTests;
			productReference = F471177724F85265000A2162 /* BlueModuleTests.xctest */;
			productType = "com.apple.product-type.bundle.unit-test";
		};
/* End PBXNativeTarget section */

/* Begin PBXProject section */
		F471176524F8525F000A2162 /* Project object */ = {
			isa = PBXProject;
			attributes = {
				LastSwiftUpdateCheck = 1160;
				LastUpgradeCheck = 1160;
				ORGANIZATIONNAME = "Vitor Mendes";
				TargetAttributes = {
					F471176D24F85260000A2162 = {
						CreatedOnToolsVersion = 11.6;
						LastSwiftMigration = 1160;
					};
					F471177624F85265000A2162 = {
						CreatedOnToolsVersion = 11.6;
					};
				};
			};
			buildConfigurationList = F471176824F8525F000A2162 /* Build configuration list for PBXProject "BlueModule" */;
			compatibilityVersion = "Xcode 9.3";
			developmentRegion = en;
			hasScannedForEncodings = 0;
			knownRegions = (
				en,
				Base,
			);
			mainGroup = F471176424F8525F000A2162;
			productRefGroup = F471176F24F85260000A2162 /* Products */;
			projectDirPath = "";
			projectRoot = "";
			targets = (
				F471176D24F85260000A2162 /* BlueModule */,
				F471177624F85265000A2162 /* BlueModuleTests */,
			);
		};
/* End PBXProject section */

/* Begin PBXResourcesBuildPhase section */
		F471176C24F85260000A2162 /* Resources */ = {
			isa = PBXResourcesBuildPhase;
			buildActionMask = 2147483647;
			files = (
			);
			runOnlyForDeploymentPostprocessing = 0;
		};
		F471177524F85265000A2162 /* Resources */ = {
			isa = PBXResourcesBuildPhase;
			buildActionMask = 2147483647;
			files = (
			);
			runOnlyForDeploymentPostprocessing = 0;
		};
/* End PBXResourcesBuildPhase section */

/* Begin PBXShellScriptBuildPhase section */
		9BDC98C6FA138316B2871B66 /* [CP] Check Pods Manifest.lock */ = {
			isa = PBXShellScriptBuildPhase;
			buildActionMask = 2147483647;
			files = (
			);
			inputFileListPaths = (
			);
			inputPaths = (
				"${PODS_PODFILE_DIR_PATH}/Podfile.lock",
				"${PODS_ROOT}/Manifest.lock",
			);
			name = "[CP] Check Pods Manifest.lock";
			outputFileListPaths = (
			);
			outputPaths = (
				"$(DERIVED_FILE_DIR)/Pods-BlueModule-checkManifestLockResult.txt",
			);
			runOnlyForDeploymentPostprocessing = 0;
			shellPath = /bin/sh;
			shellScript = "diff \"${PODS_PODFILE_DIR_PATH}/Podfile.lock\" \"${PODS_ROOT}/Manifest.lock\" > /dev/null\nif [ $? != 0 ] ; then\n    # print error to STDERR\n    echo \"error: The sandbox is not in sync with the Podfile.lock. Run 'pod install' or update your CocoaPods installation.\" >&2\n    exit 1\nfi\n# This output is used by Xcode 'outputs' to avoid re-running this script phase.\necho \"SUCCESS\" > \"${SCRIPT_OUTPUT_FILE_0}\"\n";
			showEnvVarsInLog = 0;
		};
/* End PBXShellScriptBuildPhase section */

/* Begin PBXSourcesBuildPhase section */
		F471176A24F85260000A2162 /* Sources */ = {
			isa = PBXSourcesBuildPhase;
			buildActionMask = 2147483647;
			files = (
				F47117B624F85464000A2162 /* BlueController.swift in Sources */,
			);
			runOnlyForDeploymentPostprocessing = 0;
		};
		F471177324F85265000A2162 /* Sources */ = {
			isa = PBXSourcesBuildPhase;
			buildActionMask = 2147483647;
			files = (
				F471177D24F85265000A2162 /* BlueModuleTests.swift in Sources */,
			);
			runOnlyForDeploymentPostprocessing = 0;
		};
/* End PBXSourcesBuildPhase section */

/* Begin PBXTargetDependency section */
		F471177A24F85265000A2162 /* PBXTargetDependency */ = {
			isa = PBXTargetDependency;
			target = F471176D24F85260000A2162 /* BlueModule */;
			targetProxy = F471177924F85265000A2162 /* PBXContainerItemProxy */;
		};
/* End PBXTargetDependency section */

/* Begin XCBuildConfiguration section */
		F471178024F85266000A2162 /* Debug */ = {
			isa = XCBuildConfiguration;
			buildSettings = {
				ALWAYS_SEARCH_USER_PATHS = NO;
				CLANG_ANALYZER_NONNULL = YES;
				CLANG_ANALYZER_NUMBER_OBJECT_CONVERSION = YES_AGGRESSIVE;
				CLANG_CXX_LANGUAGE_STANDARD = "gnu++14";
				CLANG_CXX_LIBRARY = "libc++";
				CLANG_ENABLE_MODULES = YES;
				CLANG_ENABLE_OBJC_ARC = YES;
				CLANG_ENABLE_OBJC_WEAK = YES;
				CLANG_WARN_BLOCK_CAPTURE_AUTORELEASING = YES;
				CLANG_WARN_BOOL_CONVERSION = YES;
				CLANG_WARN_COMMA = YES;
				CLANG_WARN_CONSTANT_CONVERSION = YES;
				CLANG_WARN_DEPRECATED_OBJC_IMPLEMENTATIONS = YES;
				CLANG_WARN_DIRECT_OBJC_ISA_USAGE = YES_ERROR;
				CLANG_WARN_DOCUMENTATION_COMMENTS = YES;
				CLANG_WARN_EMPTY_BODY = YES;
				CLANG_WARN_ENUM_CONVERSION = YES;
				CLANG_WARN_INFINITE_RECURSION = YES;
				CLANG_WARN_INT_CONVERSION = YES;
				CLANG_WARN_NON_LITERAL_NULL_CONVERSION = YES;
				CLANG_WARN_OBJC_IMPLICIT_RETAIN_SELF = YES;
				CLANG_WARN_OBJC_LITERAL_CONVERSION = YES;
				CLANG_WARN_OBJC_ROOT_CLASS = YES_ERROR;
				CLANG_WARN_RANGE_LOOP_ANALYSIS = YES;
				CLANG_WARN_STRICT_PROTOTYPES = YES;
				CLANG_WARN_SUSPICIOUS_MOVE = YES;
				CLANG_WARN_UNGUARDED_AVAILABILITY = YES_AGGRESSIVE;
				CLANG_WARN_UNREACHABLE_CODE = YES;
				CLANG_WARN__DUPLICATE_METHOD_MATCH = YES;
				COPY_PHASE_STRIP = NO;
				CURRENT_PROJECT_VERSION = 1;
				DEBUG_INFORMATION_FORMAT = dwarf;
				ENABLE_STRICT_OBJC_MSGSEND = YES;
				ENABLE_TESTABILITY = YES;
				GCC_C_LANGUAGE_STANDARD = gnu11;
				GCC_DYNAMIC_NO_PIC = NO;
				GCC_NO_COMMON_BLOCKS = YES;
				GCC_OPTIMIZATION_LEVEL = 0;
				GCC_PREPROCESSOR_DEFINITIONS = (
					"DEBUG=1",
					"$(inherited)",
				);
				GCC_WARN_64_TO_32_BIT_CONVERSION = YES;
				GCC_WARN_ABOUT_RETURN_TYPE = YES_ERROR;
				GCC_WARN_UNDECLARED_SELECTOR = YES;
				GCC_WARN_UNINITIALIZED_AUTOS = YES_AGGRESSIVE;
				GCC_WARN_UNUSED_FUNCTION = YES;
				GCC_WARN_UNUSED_VARIABLE = YES;
				IPHONEOS_DEPLOYMENT_TARGET = 13.6;
				MTL_ENABLE_DEBUG_INFO = INCLUDE_SOURCE;
				MTL_FAST_MATH = YES;
				ONLY_ACTIVE_ARCH = YES;
				SDKROOT = iphoneos;
				SWIFT_ACTIVE_COMPILATION_CONDITIONS = DEBUG;
				SWIFT_OPTIMIZATION_LEVEL = "-Onone";
				VERSIONING_SYSTEM = "apple-generic";
				VERSION_INFO_PREFIX = "";
			};
			name = Debug;
		};
		F471178124F85266000A2162 /* Release */ = {
			isa = XCBuildConfiguration;
			buildSettings = {
				ALWAYS_SEARCH_USER_PATHS = NO;
				CLANG_ANALYZER_NONNULL = YES;
				CLANG_ANALYZER_NUMBER_OBJECT_CONVERSION = YES_AGGRESSIVE;
				CLANG_CXX_LANGUAGE_STANDARD = "gnu++14";
				CLANG_CXX_LIBRARY = "libc++";
				CLANG_ENABLE_MODULES = YES;
				CLANG_ENABLE_OBJC_ARC = YES;
				CLANG_ENABLE_OBJC_WEAK = YES;
				CLANG_WARN_BLOCK_CAPTURE_AUTORELEASING = YES;
				CLANG_WARN_BOOL_CONVERSION = YES;
				CLANG_WARN_COMMA = YES;
				CLANG_WARN_CONSTANT_CONVERSION = YES;
				CLANG_WARN_DEPRECATED_OBJC_IMPLEMENTATIONS = YES;
				CLANG_WARN_DIRECT_OBJC_ISA_USAGE = YES_ERROR;
				CLANG_WARN_DOCUMENTATION_COMMENTS = YES;
				CLANG_WARN_EMPTY_BODY = YES;
				CLANG_WARN_ENUM_CONVERSION = YES;
				CLANG_WARN_INFINITE_RECURSION = YES;
				CLANG_WARN_INT_CONVERSION = YES;
				CLANG_WARN_NON_LITERAL_NULL_CONVERSION = YES;
				CLANG_WARN_OBJC_IMPLICIT_RETAIN_SELF = YES;
				CLANG_WARN_OBJC_LITERAL_CONVERSION = YES;
				CLANG_WARN_OBJC_ROOT_CLASS = YES_ERROR;
				CLANG_WARN_RANGE_LOOP_ANALYSIS = YES;
				CLANG_WARN_STRICT_PROTOTYPES = YES;
				CLANG_WARN_SUSPICIOUS_MOVE = YES;
				CLANG_WARN_UNGUARDED_AVAILABILITY = YES_AGGRESSIVE;
				CLANG_WARN_UNREACHABLE_CODE = YES;
				CLANG_WARN__DUPLICATE_METHOD_MATCH = YES;
				COPY_PHASE_STRIP = NO;
				CURRENT_PROJECT_VERSION = 1;
				DEBUG_INFORMATION_FORMAT = "dwarf-with-dsym";
				ENABLE_NS_ASSERTIONS = NO;
				ENABLE_STRICT_OBJC_MSGSEND = YES;
				GCC_C_LANGUAGE_STANDARD = gnu11;
				GCC_NO_COMMON_BLOCKS = YES;
				GCC_WARN_64_TO_32_BIT_CONVERSION = YES;
				GCC_WARN_ABOUT_RETURN_TYPE = YES_ERROR;
				GCC_WARN_UNDECLARED_SELECTOR = YES;
				GCC_WARN_UNINITIALIZED_AUTOS = YES_AGGRESSIVE;
				GCC_WARN_UNUSED_FUNCTION = YES;
				GCC_WARN_UNUSED_VARIABLE = YES;
				IPHONEOS_DEPLOYMENT_TARGET = 13.6;
				MTL_ENABLE_DEBUG_INFO = NO;
				MTL_FAST_MATH = YES;
				SDKROOT = iphoneos;
				SWIFT_COMPILATION_MODE = wholemodule;
				SWIFT_OPTIMIZATION_LEVEL = "-O";
				VALIDATE_PRODUCT = YES;
				VERSIONING_SYSTEM = "apple-generic";
				VERSION_INFO_PREFIX = "";
			};
			name = Release;
		};
		F471178324F85266000A2162 /* Debug */ = {
			isa = XCBuildConfiguration;
			baseConfigurationReference = 6AE6A97CB8CEB5741DFE9A99 /* Pods-BlueModule.debug.xcconfig */;
			buildSettings = {
				CLANG_ENABLE_MODULES = YES;
				CODE_SIGN_STYLE = Automatic;
				DEFINES_MODULE = YES;
				DEVELOPMENT_TEAM = CF9NF5L47X;
				DYLIB_COMPATIBILITY_VERSION = 1;
				DYLIB_CURRENT_VERSION = 1;
				DYLIB_INSTALL_NAME_BASE = "@rpath";
				INFOPLIST_FILE = BlueModule/Info.plist;
				INSTALL_PATH = "$(LOCAL_LIBRARY_DIR)/Frameworks";
				LD_RUNPATH_SEARCH_PATHS = (
					"$(inherited)",
					"@executable_path/Frameworks",
					"@loader_path/Frameworks",
				);
				PRODUCT_BUNDLE_IDENTIFIER = vitor.BlueModule;
				PRODUCT_NAME = "$(TARGET_NAME:c99extidentifier)";
				SKIP_INSTALL = YES;
				SWIFT_OPTIMIZATION_LEVEL = "-Onone";
				SWIFT_VERSION = 5.0;
				TARGETED_DEVICE_FAMILY = "1,2";
			};
			name = Debug;
		};
		F471178424F85266000A2162 /* Release */ = {
			isa = XCBuildConfiguration;
			baseConfigurationReference = B094D086701948C2C4D07A0F /* Pods-BlueModule.release.xcconfig */;
			buildSettings = {
				CLANG_ENABLE_MODULES = YES;
				CODE_SIGN_STYLE = Automatic;
				DEFINES_MODULE = YES;
				DEVELOPMENT_TEAM = CF9NF5L47X;
				DYLIB_COMPATIBILITY_VERSION = 1;
				DYLIB_CURRENT_VERSION = 1;
				DYLIB_INSTALL_NAME_BASE = "@rpath";
				INFOPLIST_FILE = BlueModule/Info.plist;
				INSTALL_PATH = "$(LOCAL_LIBRARY_DIR)/Frameworks";
				LD_RUNPATH_SEARCH_PATHS = (
					"$(inherited)",
					"@executable_path/Frameworks",
					"@loader_path/Frameworks",
				);
				PRODUCT_BUNDLE_IDENTIFIER = vitor.BlueModule;
				PRODUCT_NAME = "$(TARGET_NAME:c99extidentifier)";
				SKIP_INSTALL = YES;
				SWIFT_VERSION = 5.0;
				TARGETED_DEVICE_FAMILY = "1,2";
			};
			name = Release;
		};
		F471178624F85266000A2162 /* Debug */ = {
			isa = XCBuildConfiguration;
			buildSettings = {
				ALWAYS_EMBED_SWIFT_STANDARD_LIBRARIES = YES;
				CODE_SIGN_STYLE = Automatic;
				DEVELOPMENT_TEAM = CF9NF5L47X;
				INFOPLIST_FILE = BlueModuleTests/Info.plist;
				LD_RUNPATH_SEARCH_PATHS = (
					"$(inherited)",
					"@executable_path/Frameworks",
					"@loader_path/Frameworks",
				);
				PRODUCT_BUNDLE_IDENTIFIER = vitor.BlueModuleTests;
				PRODUCT_NAME = "$(TARGET_NAME)";
				SWIFT_VERSION = 5.0;
				TARGETED_DEVICE_FAMILY = "1,2";
			};
			name = Debug;
		};
		F471178724F85266000A2162 /* Release */ = {
			isa = XCBuildConfiguration;
			buildSettings = {
				ALWAYS_EMBED_SWIFT_STANDARD_LIBRARIES = YES;
				CODE_SIGN_STYLE = Automatic;
				DEVELOPMENT_TEAM = CF9NF5L47X;
				INFOPLIST_FILE = BlueModuleTests/Info.plist;
				LD_RUNPATH_SEARCH_PATHS = (
					"$(inherited)",
					"@executable_path/Frameworks",
					"@loader_path/Frameworks",
				);
				PRODUCT_BUNDLE_IDENTIFIER = vitor.BlueModuleTests;
				PRODUCT_NAME = "$(TARGET_NAME)";
				SWIFT_VERSION = 5.0;
				TARGETED_DEVICE_FAMILY = "1,2";
			};
			name = Release;
		};
/* End XCBuildConfiguration section */

/* Begin XCConfigurationList section */
		F471176824F8525F000A2162 /* Build configuration list for PBXProject "BlueModule" */ = {
			isa = XCConfigurationList;
			buildConfigurations = (
				F471178024F85266000A2162 /* Debug */,
				F471178124F85266000A2162 /* Release */,
			);
			defaultConfigurationIsVisible = 0;
			defaultConfigurationName = Release;
		};
		F471178224F85266000A2162 /* Build configuration list for PBXNativeTarget "BlueModule" */ = {
			isa = XCConfigurationList;
			buildConfigurations = (
				F471178324F85266000A2162 /* Debug */,
				F471178424F85266000A2162 /* Release */,
			);
			defaultConfigurationIsVisible = 0;
			defaultConfigurationName = Release;
		};
		F471178524F85266000A2162 /* Build configuration list for PBXNativeTarget "BlueModuleTests" */ = {
			isa = XCConfigurationList;
			buildConfigurations = (
				F471178624F85266000A2162 /* Debug */,
				F471178724F85266000A2162 /* Release */,
			);
			defaultConfigurationIsVisible = 0;
			defaultConfigurationName = Release;
		};
/* End XCConfigurationList section */
	};
	rootObject = F471176524F8525F000A2162 /* Project object */;
}
